
Microsoft Visual Studio Solution File, Format Version 12.00
# Visual Studio Version 17
VisualStudioVersion = 17.14.36518.9 d17.14
MinimumVisualStudioVersion = 10.0.40219.1
Project("{FAE04EC0-301F-11D3-BF4B-00C04F79EFBC}") = "MauiAppHotel", "MauiAppHotel\MauiAppHotel.csproj", "{ADF8D76F-0010-4D94-BA16-F716A4739DD7}"
EndProject
Global
	GlobalSection(SolutionConfigurationPlatforms) = preSolution
		Debug|Any CPU = Debug|Any CPU
		Release|Any CPU = Release|Any CPU
	EndGlobalSection
	GlobalSection(ProjectConfigurationPlatforms) = postSolution
		{ADF8D76F-0010-4D94-BA16-F716A4739DD7}.Debug|Any CPU.ActiveCfg = Debug|Any CPU
		{ADF8D76F-0010-4D94-BA16-F716A4739DD7}.Debug|Any CPU.Build.0 = Debug|Any CPU
		{ADF8D76F-0010-4D94-BA16-F716A4739DD7}.Release|Any CPU.ActiveCfg = Release|Any CPU
		{ADF8D76F-0010-4D94-BA16-F716A4739DD7}.Release|Any CPU.Build.0 = Release|Any CPU
	EndGlobalSection
	GlobalSection(SolutionProperties) = preSolution
		HideSolutionNode = FALSE
	EndGlobalSection
	GlobalSection(ExtensibilityGlobals) = postSolution
		SolutionGuid = {477F61AF-C916-488B-9393-06FB2E74E7D5}
	EndGlobalSection
EndGlobal
